
Microsoft Visual Studio Solution File, Format Version 12.00
# Visual Studio Version 17
VisualStudioVersion = 17.6.33723.286
MinimumVisualStudioVersion = 10.0.40219.1
Project("{FAE04EC0-301F-11D3-BF4B-00C04F79EFBC}") = "StayCation", "StayCation.csproj", "{C2BAE69B-9C96-4774-A614-E11A353D8E6F}"
EndProject
Global
	GlobalSection(SolutionConfigurationPlatforms) = preSolution
		Debug|Any CPU = Debug|Any CPU
		Release|Any CPU = Release|Any CPU
	EndGlobalSection
	GlobalSection(ProjectConfigurationPlatforms) = postSolution
		{C2BAE69B-9C96-4774-A614-E11A353D8E6F}.Debug|Any CPU.ActiveCfg = Debug|Any CPU
		{C2BAE69B-9C96-4774-A614-E11A353D8E6F}.Debug|Any CPU.Build.0 = Debug|Any CPU
		{C2BAE69B-9C96-4774-A614-E11A353D8E6F}.Release|Any CPU.ActiveCfg = Release|Any CPU
		{C2BAE69B-9C96-4774-A614-E11A353D8E6F}.Release|Any CPU.Build.0 = Release|Any CPU
	EndGlobalSection
	GlobalSection(SolutionProperties) = preSolution
		HideSolutionNode = FALSE
	EndGlobalSection
	GlobalSection(ExtensibilityGlobals) = postSolution
		SolutionGuid = {B8A842CB-B30B-4A75-8785-4C95ADC8D82E}
	EndGlobalSection
EndGlobal
